// !$*UTF8*$!
{
	archiveVersion = 1;
	classes = {
	};
	objectVersion = 56;
	objects = {

/* Begin PBXBuildFile section */
		3320CD2A2B8FA20F00ED353D /* AppDelegate.swift in Sources */ = {isa = PBXBuildFile; fileRef = 3320CD292B8FA20F00ED353D /* AppDelegate.swift */; };
		3320CD2C2B8FA20F00ED353D /* SceneDelegate.swift in Sources */ = {isa = PBXBuildFile; fileRef = 3320CD2B2B8FA20F00ED353D /* SceneDelegate.swift */; };
		3320CD2E2B8FA20F00ED353D /* ViewController.swift in Sources */ = {isa = PBXBuildFile; fileRef = 3320CD2D2B8FA20F00ED353D /* ViewController.swift */; };
		3320CD312B8FA20F00ED353D /* Main.storyboard in Resources */ = {isa = PBXBuildFile; fileRef = 3320CD2F2B8FA20F00ED353D /* Main.storyboard */; };
		3320CD332B8FA21000ED353D /* Assets.xcassets in Resources */ = {isa = PBXBuildFile; fileRef = 3320CD322B8FA21000ED353D /* Assets.xcassets */; };
		3320CD362B8FA21000ED353D /* LaunchScreen.storyboard in Resources */ = {isa = PBXBuildFile; fileRef = 3320CD342B8FA21000ED353D /* LaunchScreen.storyboard */; };
		3377D1052B90B017005B0841 /* AnasayfaViewModel.swift in Sources */ = {isa = PBXBuildFile; fileRef = 3377D1042B90B017005B0841 /* AnasayfaViewModel.swift */; };
		3377D1082B90B32E005B0841 /* RxBlocking in Frameworks */ = {isa = PBXBuildFile; productRef = 3377D1072B90B32E005B0841 /* RxBlocking */; };
		3377D10A2B90B32E005B0841 /* RxBlocking-Dynamic in Frameworks */ = {isa = PBXBuildFile; productRef = 3377D1092B90B32E005B0841 /* RxBlocking-Dynamic */; };
		3377D10C2B90B32E005B0841 /* RxCocoa in Frameworks */ = {isa = PBXBuildFile; productRef = 3377D10B2B90B32E005B0841 /* RxCocoa */; };
		3377D10E2B90B32E005B0841 /* RxCocoa-Dynamic in Frameworks */ = {isa = PBXBuildFile; productRef = 3377D10D2B90B32E005B0841 /* RxCocoa-Dynamic */; };
		3377D1102B90B32E005B0841 /* RxRelay in Frameworks */ = {isa = PBXBuildFile; productRef = 3377D10F2B90B32E005B0841 /* RxRelay */; };
		3377D1122B90B32E005B0841 /* RxRelay-Dynamic in Frameworks */ = {isa = PBXBuildFile; productRef = 3377D1112B90B32E005B0841 /* RxRelay-Dynamic */; };
		3377D1142B90B32E005B0841 /* RxSwift in Frameworks */ = {isa = PBXBuildFile; productRef = 3377D1132B90B32E005B0841 /* RxSwift */; };
		3377D1162B90B32E005B0841 /* RxSwift-Dynamic in Frameworks */ = {isa = PBXBuildFile; productRef = 3377D1152B90B32E005B0841 /* RxSwift-Dynamic */; };
		3377D11C2B90B638005B0841 /* MatematikRepository.swift in Sources */ = {isa = PBXBuildFile; fileRef = 3377D11B2B90B638005B0841 /* MatematikRepository.swift */; };
/* End PBXBuildFile section */

/* Begin PBXFileReference section */
		3320CD262B8FA20F00ED353D /* MVVMDesignBasics.app */ = {isa = PBXFileReference; explicitFileType = wrapper.application; includeInIndex = 0; path = MVVMDesignBasics.app; sourceTree = BUILT_PRODUCTS_DIR; };
		3320CD292B8FA20F00ED353D /* AppDelegate.swift */ = {isa = PBXFileReference; lastKnownFileType = sourcecode.swift; path = AppDelegate.swift; sourceTree = "<group>"; };
		3320CD2B2B8FA20F00ED353D /* SceneDelegate.swift */ = {isa = PBXFileReference; lastKnownFileType = sourcecode.swift; path = SceneDelegate.swift; sourceTree = "<group>"; };
		3320CD2D2B8FA20F00ED353D /* ViewController.swift */ = {isa = PBXFileReference; lastKnownFileType = sourcecode.swift; path = ViewController.swift; sourceTree = "<group>"; };
		3320CD302B8FA20F00ED353D /* Base */ = {isa = PBXFileReference; lastKnownFileType = file.storyboard; name = Base; path = Base.lproj/Main.storyboard; sourceTree = "<group>"; };
		3320CD322B8FA21000ED353D /* Assets.xcassets */ = {isa = PBXFileReference; lastKnownFileType = folder.assetcatalog; path = Assets.xcassets; sourceTree = "<group>"; };
		3320CD352B8FA21000ED353D /* Base */ = {isa = PBXFileReference; lastKnownFileType = file.storyboard; name = Base; path = Base.lproj/LaunchScreen.storyboard; sourceTree = "<group>"; };
		3320CD372B8FA21000ED353D /* Info.plist */ = {isa = PBXFileReference; lastKnownFileType = text.plist.xml; path = Info.plist; sourceTree = "<group>"; };
		3377D1042B90B017005B0841 /* AnasayfaViewModel.swift */ = {isa = PBXFileReference; lastKnownFileType = sourcecode.swift; path = AnasayfaViewModel.swift; sourceTree = "<group>"; };
		3377D11B2B90B638005B0841 /* MatematikRepository.swift */ = {isa = PBXFileReference; lastKnownFileType = sourcecode.swift; path = MatematikRepository.swift; sourceTree = "<group>"; };
/* End PBXFileReference section */

/* Begin PBXFrameworksBuildPhase section */
		3320CD232B8FA20F00ED353D /* Frameworks */ = {
			isa = PBXFrameworksBuildPhase;
			buildActionMask = 2147483647;
			files = (
				3377D1162B90B32E005B0841 /* RxSwift-Dynamic in Frameworks */,
				3377D1102B90B32E005B0841 /* RxRelay in Frameworks */,
				3377D10E2B90B32E005B0841 /* RxCocoa-Dynamic in Frameworks */,
				3377D1122B90B32E005B0841 /* RxRelay-Dynamic in Frameworks */,
				3377D10C2B90B32E005B0841 /* RxCocoa in Frameworks */,
				3377D1082B90B32E005B0841 /* RxBlocking in Frameworks */,
				3377D10A2B90B32E005B0841 /* RxBlocking-Dynamic in Frameworks */,
				3377D1142B90B32E005B0841 /* RxSwift in Frameworks */,
			);
			runOnlyForDeploymentPostprocessing = 0;
		};
/* End PBXFrameworksBuildPhase section */

/* Begin PBXGroup section */
		3320CD1D2B8FA20F00ED353D = {
			isa = PBXGroup;
			children = (
				3320CD282B8FA20F00ED353D /* MVVMDesignBasics */,
				3320CD272B8FA20F00ED353D /* Products */,
			);
			sourceTree = "<group>";
		};
		3320CD272B8FA20F00ED353D /* Products */ = {
			isa = PBXGroup;
			children = (
				3320CD262B8FA20F00ED353D /* MVVMDesignBasics.app */,
			);
			name = Products;
			sourceTree = "<group>";
		};
		3320CD282B8FA20F00ED353D /* MVVMDesignBasics */ = {
			isa = PBXGroup;
			children = (
				3320CD292B8FA20F00ED353D /* AppDelegate.swift */,
				3320CD2B2B8FA20F00ED353D /* SceneDelegate.swift */,
				3320CD2D2B8FA20F00ED353D /* ViewController.swift */,
				3377D1042B90B017005B0841 /* AnasayfaViewModel.swift */,
				3377D11B2B90B638005B0841 /* MatematikRepository.swift */,
				3320CD2F2B8FA20F00ED353D /* Main.storyboard */,
				3320CD322B8FA21000ED353D /* Assets.xcassets */,
				3320CD342B8FA21000ED353D /* LaunchScreen.storyboard */,
				3320CD372B8FA21000ED353D /* Info.plist */,
			);
			path = MVVMDesignBasics;
			sourceTree = "<group>";
		};
/* End PBXGroup section */

/* Begin PBXNativeTarget section */
		3320CD252B8FA20F00ED353D /* MVVMDesignBasics */ = {
			isa = PBXNativeTarget;
			buildConfigurationList = 3320CD3A2B8FA21000ED353D /* Build configuration list for PBXNativeTarget "MVVMDesignBasics" */;
			buildPhases = (
				3320CD222B8FA20F00ED353D /* Sources */,
				3320CD232B8FA20F00ED353D /* Frameworks */,
				3320CD242B8FA20F00ED353D /* Resources */,
			);
			buildRules = (
			);
			dependencies = (
			);
			name = MVVMDesignBasics;
			packageProductDependencies = (
				3377D1072B90B32E005B0841 /* RxBlocking */,
				3377D1092B90B32E005B0841 /* RxBlocking-Dynamic */,
				3377D10B2B90B32E005B0841 /* RxCocoa */,
				3377D10D2B90B32E005B0841 /* RxCocoa-Dynamic */,
				3377D10F2B90B32E005B0841 /* RxRelay */,
				3377D1112B90B32E005B0841 /* RxRelay-Dynamic */,
				3377D1132B90B32E005B0841 /* RxSwift */,
				3377D1152B90B32E005B0841 /* RxSwift-Dynamic */,
			);
			productName = MVVMDesignBasics;
			productReference = 3320CD262B8FA20F00ED353D /* MVVMDesignBasics.app */;
			productType = "com.apple.product-type.application";
		};
/* End PBXNativeTarget section */

/* Begin PBXProject section */
		3320CD1E2B8FA20F00ED353D /* Project object */ = {
			isa = PBXProject;
			attributes = {
				BuildIndependentTargetsInParallel = 1;
				LastSwiftUpdateCheck = 1520;
				LastUpgradeCheck = 1520;
				TargetAttributes = {
					3320CD252B8FA20F00ED353D = {
						CreatedOnToolsVersion = 15.2;
					};
				};
			};
			buildConfigurationList = 3320CD212B8FA20F00ED353D /* Build configuration list for PBXProject "MVVMDesignBasics" */;
			compatibilityVersion = "Xcode 14.0";
			developmentRegion = en;
			hasScannedForEncodings = 0;
			knownRegions = (
				en,
				Base,
			);
			mainGroup = 3320CD1D2B8FA20F00ED353D;
			packageReferences = (
				3377D1062B90B32E005B0841 /* XCRemoteSwiftPackageReference "RxSwift" */,
			);
			productRefGroup = 3320CD272B8FA20F00ED353D /* Products */;
			projectDirPath = "";
			projectRoot = "";
			targets = (
				3320CD252B8FA20F00ED353D /* MVVMDesignBasics */,
			);
		};
/* End PBXProject section */

/* Begin PBXResourcesBuildPhase section */
		3320CD242B8FA20F00ED353D /* Resources */ = {
			isa = PBXResourcesBuildPhase;
			buildActionMask = 2147483647;
			files = (
				3320CD362B8FA21000ED353D /* LaunchScreen.storyboard in Resources */,
				3320CD332B8FA21000ED353D /* Assets.xcassets in Resources */,
				3320CD312B8FA20F00ED353D /* Main.storyboard in Resources */,
			);
			runOnlyForDeploymentPostprocessing = 0;
		};
/* End PBXResourcesBuildPhase section */

/* Begin PBXSourcesBuildPhase section */
		3320CD222B8FA20F00ED353D /* Sources */ = {
			isa = PBXSourcesBuildPhase;
			buildActionMask = 2147483647;
			files = (
				3320CD2E2B8FA20F00ED353D /* ViewController.swift in Sources */,
				3320CD2A2B8FA20F00ED353D /* AppDelegate.swift in Sources */,
				3377D1052B90B017005B0841 /* AnasayfaViewModel.swift in Sources */,
				3320CD2C2B8FA20F00ED353D /* SceneDelegate.swift in Sources */,
				3377D11C2B90B638005B0841 /* MatematikRepository.swift in Sources */,
			);
			runOnlyForDeploymentPostprocessing = 0;
		};
/* End PBXSourcesBuildPhase section */

/* Begin PBXVariantGroup section */
		3320CD2F2B8FA20F00ED353D /* Main.storyboard */ = {
			isa = PBXVariantGroup;
			children = (
				3320CD302B8FA20F00ED353D /* Base */,
			);
			name = Main.storyboard;
			sourceTree = "<group>";
		};
		3320CD342B8FA21000ED353D /* LaunchScreen.storyboard */ = {
			isa = PBXVariantGroup;
			children = (
				3320CD352B8FA21000ED353D /* Base */,
			);
			name = LaunchScreen.storyboard;
			sourceTree = "<group>";
		};
/* End PBXVariantGroup section */

/* Begin XCBuildConfiguration section */
		3320CD382B8FA21000ED353D /* Debug */ = {
			isa = XCBuildConfiguration;
			buildSettings = {
				ALWAYS_SEARCH_USER_PATHS = NO;
				ASSETCATALOG_COMPILER_GENERATE_SWIFT_ASSET_SYMBOL_EXTENSIONS = YES;
				CLANG_ANALYZER_NONNULL = YES;
				CLANG_ANALYZER_NUMBER_OBJECT_CONVERSION = YES_AGGRESSIVE;
				CLANG_CXX_LANGUAGE_STANDARD = "gnu++20";
				CLANG_ENABLE_MODULES = YES;
				CLANG_ENABLE_OBJC_ARC = YES;
				CLANG_ENABLE_OBJC_WEAK = YES;
				CLANG_WARN_BLOCK_CAPTURE_AUTORELEASING = YES;
				CLANG_WARN_BOOL_CONVERSION = YES;
				CLANG_WARN_COMMA = YES;
				CLANG_WARN_CONSTANT_CONVERSION = YES;
				CLANG_WARN_DEPRECATED_OBJC_IMPLEMENTATIONS = YES;
				CLANG_WARN_DIRECT_OBJC_ISA_USAGE = YES_ERROR;
				CLANG_WARN_DOCUMENTATION_COMMENTS = YES;
				CLANG_WARN_EMPTY_BODY = YES;
				CLANG_WARN_ENUM_CONVERSION = YES;
				CLANG_WARN_INFINITE_RECURSION = YES;
				CLANG_WARN_INT_CONVERSION = YES;
				CLANG_WARN_NON_LITERAL_NULL_CONVERSION = YES;
				CLANG_WARN_OBJC_IMPLICIT_RETAIN_SELF = YES;
				CLANG_WARN_OBJC_LITERAL_CONVERSION = YES;
				CLANG_WARN_OBJC_ROOT_CLASS = YES_ERROR;
				CLANG_WARN_QUOTED_INCLUDE_IN_FRAMEWORK_HEADER = YES;
				CLANG_WARN_RANGE_LOOP_ANALYSIS = YES;
				CLANG_WARN_STRICT_PROTOTYPES = YES;
				CLANG_WARN_SUSPICIOUS_MOVE = YES;
				CLANG_WARN_UNGUARDED_AVAILABILITY = YES_AGGRESSIVE;
				CLANG_WARN_UNREACHABLE_CODE = YES;
				CLANG_WARN__DUPLICATE_METHOD_MATCH = YES;
				COPY_PHASE_STRIP = NO;
				DEBUG_INFORMATION_FORMAT = dwarf;
				ENABLE_STRICT_OBJC_MSGSEND = YES;
				ENABLE_TESTABILITY = YES;
				ENABLE_USER_SCRIPT_SANDBOXING = YES;
				GCC_C_LANGUAGE_STANDARD = gnu17;
				GCC_DYNAMIC_NO_PIC = NO;
				GCC_NO_COMMON_BLOCKS = YES;
				GCC_OPTIMIZATION_LEVEL = 0;
				GCC_PREPROCESSOR_DEFINITIONS = (
					"DEBUG=1",
					"$(inherited)",
				);
				GCC_WARN_64_TO_32_BIT_CONVERSION = YES;
				GCC_WARN_ABOUT_RETURN_TYPE = YES_ERROR;
				GCC_WARN_UNDECLARED_SELECTOR = YES;
				GCC_WARN_UNINITIALIZED_AUTOS = YES_AGGRESSIVE;
				GCC_WARN_UNUSED_FUNCTION = YES;
				GCC_WARN_UNUSED_VARIABLE = YES;
				IPHONEOS_DEPLOYMENT_TARGET = 17.2;
				LOCALIZATION_PREFERS_STRING_CATALOGS = YES;
				MTL_ENABLE_DEBUG_INFO = INCLUDE_SOURCE;
				MTL_FAST_MATH = YES;
				ONLY_ACTIVE_ARCH = YES;
				SDKROOT = iphoneos;
				SWIFT_ACTIVE_COMPILATION_CONDITIONS = "DEBUG $(inherited)";
				SWIFT_OPTIMIZATION_LEVEL = "-Onone";
			};
			name = Debug;
		};
		3320CD392B8FA21000ED353D /* Release */ = {
			isa = XCBuildConfiguration;
			buildSettings = {
				ALWAYS_SEARCH_USER_PATHS = NO;
				ASSETCATALOG_COMPILER_GENERATE_SWIFT_ASSET_SYMBOL_EXTENSIONS = YES;
				CLANG_ANALYZER_NONNULL = YES;
				CLANG_ANALYZER_NUMBER_OBJECT_CONVERSION = YES_AGGRESSIVE;
				CLANG_CXX_LANGUAGE_STANDARD = "gnu++20";
				CLANG_ENABLE_MODULES = YES;
				CLANG_ENABLE_OBJC_ARC = YES;
				CLANG_ENABLE_OBJC_WEAK = YES;
				CLANG_WARN_BLOCK_CAPTURE_AUTORELEASING = YES;
				CLANG_WARN_BOOL_CONVERSION = YES;
				CLANG_WARN_COMMA = YES;
				CLANG_WARN_CONSTANT_CONVERSION = YES;
				CLANG_WARN_DEPRECATED_OBJC_IMPLEMENTATIONS = YES;
				CLANG_WARN_DIRECT_OBJC_ISA_USAGE = YES_ERROR;
				CLANG_WARN_DOCUMENTATION_COMMENTS = YES;
				CLANG_WARN_EMPTY_BODY = YES;
				CLANG_WARN_ENUM_CONVERSION = YES;
				CLANG_WARN_INFINITE_RECURSION = YES;
				CLANG_WARN_INT_CONVERSION = YES;
				CLANG_WARN_NON_LITERAL_NULL_CONVERSION = YES;
				CLANG_WARN_OBJC_IMPLICIT_RETAIN_SELF = YES;
				CLANG_WARN_OBJC_LITERAL_CONVERSION = YES;
				CLANG_WARN_OBJC_ROOT_CLASS = YES_ERROR;
				CLANG_WARN_QUOTED_INCLUDE_IN_FRAMEWORK_HEADER = YES;
				CLANG_WARN_RANGE_LOOP_ANALYSIS = YES;
				CLANG_WARN_STRICT_PROTOTYPES = YES;
				CLANG_WARN_SUSPICIOUS_MOVE = YES;
				CLANG_WARN_UNGUARDED_AVAILABILITY = YES_AGGRESSIVE;
				CLANG_WARN_UNREACHABLE_CODE = YES;
				CLANG_WARN__DUPLICATE_METHOD_MATCH = YES;
				COPY_PHASE_STRIP = NO;
				DEBUG_INFORMATION_FORMAT = "dwarf-with-dsym";
				ENABLE_NS_ASSERTIONS = NO;
				ENABLE_STRICT_OBJC_MSGSEND = YES;
				ENABLE_USER_SCRIPT_SANDBOXING = YES;
				GCC_C_LANGUAGE_STANDARD = gnu17;
				GCC_NO_COMMON_BLOCKS = YES;
				GCC_WARN_64_TO_32_BIT_CONVERSION = YES;
				GCC_WARN_ABOUT_RETURN_TYPE = YES_ERROR;
				GCC_WARN_UNDECLARED_SELECTOR = YES;
				GCC_WARN_UNINITIALIZED_AUTOS = YES_AGGRESSIVE;
				GCC_WARN_UNUSED_FUNCTION = YES;
				GCC_WARN_UNUSED_VARIABLE = YES;
				IPHONEOS_DEPLOYMENT_TARGET = 17.2;
				LOCALIZATION_PREFERS_STRING_CATALOGS = YES;
				MTL_ENABLE_DEBUG_INFO = NO;
				MTL_FAST_MATH = YES;
				SDKROOT = iphoneos;
				SWIFT_COMPILATION_MODE = wholemodule;
				VALIDATE_PRODUCT = YES;
			};
			name = Release;
		};
		3320CD3B2B8FA21000ED353D /* Debug */ = {
			isa = XCBuildConfiguration;
			buildSettings = {
				ASSETCATALOG_COMPILER_APPICON_NAME = AppIcon;
				ASSETCATALOG_COMPILER_GLOBAL_ACCENT_COLOR_NAME = AccentColor;
				CODE_SIGN_STYLE = Automatic;
				CURRENT_PROJECT_VERSION = 1;
				DEVELOPMENT_TEAM = 7J389498UZ;
				GENERATE_INFOPLIST_FILE = YES;
				INFOPLIST_FILE = MVVMDesignBasics/Info.plist;
				INFOPLIST_KEY_UIApplicationSupportsIndirectInputEvents = YES;
				INFOPLIST_KEY_UILaunchStoryboardName = LaunchScreen;
				INFOPLIST_KEY_UIMainStoryboardFile = Main;
				INFOPLIST_KEY_UISupportedInterfaceOrientations_iPad = "UIInterfaceOrientationPortrait UIInterfaceOrientationPortraitUpsideDown UIInterfaceOrientationLandscapeLeft UIInterfaceOrientationLandscapeRight";
				INFOPLIST_KEY_UISupportedInterfaceOrientations_iPhone = "UIInterfaceOrientationPortrait UIInterfaceOrientationLandscapeLeft UIInterfaceOrientationLandscapeRight";
				LD_RUNPATH_SEARCH_PATHS = (
					"$(inherited)",
					"@executable_path/Frameworks",
				);
				MARKETING_VERSION = 1.0;
				PRODUCT_BUNDLE_IDENTIFIER = com.dogukankucukler.MVVMDesignBasics;
				PRODUCT_NAME = "$(TARGET_NAME)";
				SWIFT_EMIT_LOC_STRINGS = YES;
				SWIFT_VERSION = 5.0;
				TARGETED_DEVICE_FAMILY = "1,2";
			};
			name = Debug;
		};
		3320CD3C2B8FA21000ED353D /* Release */ = {
			isa = XCBuildConfiguration;
			buildSettings = {
				ASSETCATALOG_COMPILER_APPICON_NAME = AppIcon;
				ASSETCATALOG_COMPILER_GLOBAL_ACCENT_COLOR_NAME = AccentColor;
				CODE_SIGN_STYLE = Automatic;
				CURRENT_PROJECT_VERSION = 1;
				DEVELOPMENT_TEAM = 7J389498UZ;
				GENERATE_INFOPLIST_FILE = YES;
				INFOPLIST_FILE = MVVMDesignBasics/Info.plist;
				INFOPLIST_KEY_UIApplicationSupportsIndirectInputEvents = YES;
				INFOPLIST_KEY_UILaunchStoryboardName = LaunchScreen;
				INFOPLIST_KEY_UIMainStoryboardFile = Main;
				INFOPLIST_KEY_UISupportedInterfaceOrientations_iPad = "UIInterfaceOrientationPortrait UIInterfaceOrientationPortraitUpsideDown UIInterfaceOrientationLandscapeLeft UIInterfaceOrientationLandscapeRight";
				INFOPLIST_KEY_UISupportedInterfaceOrientations_iPhone = "UIInterfaceOrientationPortrait UIInterfaceOrientationLandscapeLeft UIInterfaceOrientationLandscapeRight";
				LD_RUNPATH_SEARCH_PATHS = (
					"$(inherited)",
					"@executable_path/Frameworks",
				);
				MARKETING_VERSION = 1.0;
				PRODUCT_BUNDLE_IDENTIFIER = com.dogukankucukler.MVVMDesignBasics;
				PRODUCT_NAME = "$(TARGET_NAME)";
				SWIFT_EMIT_LOC_STRINGS = YES;
				SWIFT_VERSION = 5.0;
				TARGETED_DEVICE_FAMILY = "1,2";
			};
			name = Release;
		};
/* End XCBuildConfiguration section */

/* Begin XCConfigurationList section */
		3320CD212B8FA20F00ED353D /* Build configuration list for PBXProject "MVVMDesignBasics" */ = {
			isa = XCConfigurationList;
			buildConfigurations = (
				3320CD382B8FA21000ED353D /* Debug */,
				3320CD392B8FA21000ED353D /* Release */,
			);
			defaultConfigurationIsVisible = 0;
			defaultConfigurationName = Release;
		};
		3320CD3A2B8FA21000ED353D /* Build configuration list for PBXNativeTarget "MVVMDesignBasics" */ = {
			isa = XCConfigurationList;
			buildConfigurations = (
				3320CD3B2B8FA21000ED353D /* Debug */,
				3320CD3C2B8FA21000ED353D /* Release */,
			);
			defaultConfigurationIsVisible = 0;
			defaultConfigurationName = Release;
		};
/* End XCConfigurationList section */

/* Begin XCRemoteSwiftPackageReference section */
		3377D1062B90B32E005B0841 /* XCRemoteSwiftPackageReference "RxSwift" */ = {
			isa = XCRemoteSwiftPackageReference;
			repositoryURL = "https://github.com/ReactiveX/RxSwift.git";
			requirement = {
				kind = upToNextMajorVersion;
				minimumVersion = 6.6.0;
			};
		};
/* End XCRemoteSwiftPackageReference section */

/* Begin XCSwiftPackageProductDependency section */
		3377D1072B90B32E005B0841 /* RxBlocking */ = {
			isa = XCSwiftPackageProductDependency;
			package = 3377D1062B90B32E005B0841 /* XCRemoteSwiftPackageReference "RxSwift" */;
			productName = RxBlocking;
		};
		3377D1092B90B32E005B0841 /* RxBlocking-Dynamic */ = {
			isa = XCSwiftPackageProductDependency;
			package = 3377D1062B90B32E005B0841 /* XCRemoteSwiftPackageReference "RxSwift" */;
			productName = "RxBlocking-Dynamic";
		};
		3377D10B2B90B32E005B0841 /* RxCocoa */ = {
			isa = XCSwiftPackageProductDependency;
			package = 3377D1062B90B32E005B0841 /* XCRemoteSwiftPackageReference "RxSwift" */;
			productName = RxCocoa;
		};
		3377D10D2B90B32E005B0841 /* RxCocoa-Dynamic */ = {
			isa = XCSwiftPackageProductDependency;
			package = 3377D1062B90B32E005B0841 /* XCRemoteSwiftPackageReference "RxSwift" */;
			productName = "RxCocoa-Dynamic";
		};
		3377D10F2B90B32E005B0841 /* RxRelay */ = {
			isa = XCSwiftPackageProductDependency;
			package = 3377D1062B90B32E005B0841 /* XCRemoteSwiftPackageReference "RxSwift" */;
			productName = RxRelay;
		};
		3377D1112B90B32E005B0841 /* RxRelay-Dynamic */ = {
			isa = XCSwiftPackageProductDependency;
			package = 3377D1062B90B32E005B0841 /* XCRemoteSwiftPackageReference "RxSwift" */;
			productName = "RxRelay-Dynamic";
		};
		3377D1132B90B32E005B0841 /* RxSwift */ = {
			isa = XCSwiftPackageProductDependency;
			package = 3377D1062B90B32E005B0841 /* XCRemoteSwiftPackageReference "RxSwift" */;
			productName = RxSwift;
		};
		3377D1152B90B32E005B0841 /* RxSwift-Dynamic */ = {
			isa = XCSwiftPackageProductDependency;
			package = 3377D1062B90B32E005B0841 /* XCRemoteSwiftPackageReference "RxSwift" */;
			productName = "RxSwift-Dynamic";
		};
/* End XCSwiftPackageProductDependency section */
	};
	rootObject = 3320CD1E2B8FA20F00ED353D /* Project object */;
}
